<Solution>
  <Folder Name="/docs/">
    <File Path=".github/copilot-instructions.md" />
    <File Path=".github/workflows/deploy.yml" />
    <File Path="AGENTS.md" />
    <File Path="docker-compose.yaml" />
    <File Path="docs/Documentacion_Arquitectura_MiniGoogleHome.md" />
    <File Path="Especificacion_SmartHome_MediaBridge.md" />
    <File Path="README.md" />
    <File Path="tareas.md" />
  </Folder>
  <Project Path="SmartHome.Backend/SmartHome.Backend.csproj" />
  <Project Path="SmartHome.Device/SmartHome.Device.csproj" Id="327eb31f-c1e4-48c6-af2a-6789ffa6a9f0" />
  <Project Path="SmartHome.Frontend/SmartHome.Frontend.csproj" />
  <Project Path="SmartHome.Shared/SmartHome.Shared.csproj" />
</Solution>
